// !$*UTF8*$!
{
	archiveVersion = 1;
	classes = {
	};
	objectVersion = 56;
	objects = {

/* Begin PBXBuildFile section */
		9FAC198C2B979A07008800A4 /* BookQuotesApp.swift in Sources */ = {isa = PBXBuildFile; fileRef = 9FAC198B2B979A07008800A4 /* BookQuotesApp.swift */; };
		9FAC198E2B979A07008800A4 /* BookListView.swift in Sources */ = {isa = PBXBuildFile; fileRef = 9FAC198D2B979A07008800A4 /* BookListView.swift */; };
		9FAC19902B979A09008800A4 /* Assets.xcassets in Resources */ = {isa = PBXBuildFile; fileRef = 9FAC198F2B979A09008800A4 /* Assets.xcassets */; };
		9FAC19932B979A09008800A4 /* Preview Assets.xcassets in Resources */ = {isa = PBXBuildFile; fileRef = 9FAC19922B979A09008800A4 /* Preview Assets.xcassets */; };
		9FAC199C2B979A24008800A4 /* Book.swift in Sources */ = {isa = PBXBuildFile; fileRef = 9FAC199B2B979A24008800A4 /* Book.swift */; };
		9FAC199E2B979EF7008800A4 /* NewBookView.swift in Sources */ = {isa = PBXBuildFile; fileRef = 9FAC199D2B979EF7008800A4 /* NewBookView.swift */; };
		9FAC19A22B9A5AB8008800A4 /* EditBookView.swift in Sources */ = {isa = PBXBuildFile; fileRef = 9FAC19A12B9A5AB8008800A4 /* EditBookView.swift */; };
		9FAC19A72B9A5F9B008800A4 /* RatingsView.swift in Sources */ = {isa = PBXBuildFile; fileRef = 9FAC19A62B9A5F9B008800A4 /* RatingsView.swift */; };
/* End PBXBuildFile section */

/* Begin PBXFileReference section */
		9FAC19882B979A07008800A4 /* BookQuotes.app */ = {isa = PBXFileReference; explicitFileType = wrapper.application; includeInIndex = 0; path = BookQuotes.app; sourceTree = BUILT_PRODUCTS_DIR; };
		9FAC198B2B979A07008800A4 /* BookQuotesApp.swift */ = {isa = PBXFileReference; lastKnownFileType = sourcecode.swift; path = BookQuotesApp.swift; sourceTree = "<group>"; };
		9FAC198D2B979A07008800A4 /* BookListView.swift */ = {isa = PBXFileReference; lastKnownFileType = sourcecode.swift; path = BookListView.swift; sourceTree = "<group>"; };
		9FAC198F2B979A09008800A4 /* Assets.xcassets */ = {isa = PBXFileReference; lastKnownFileType = folder.assetcatalog; path = Assets.xcassets; sourceTree = "<group>"; };
		9FAC19922B979A09008800A4 /* Preview Assets.xcassets */ = {isa = PBXFileReference; lastKnownFileType = folder.assetcatalog; path = "Preview Assets.xcassets"; sourceTree = "<group>"; };
		9FAC199B2B979A24008800A4 /* Book.swift */ = {isa = PBXFileReference; lastKnownFileType = sourcecode.swift; path = Book.swift; sourceTree = "<group>"; };
		9FAC199D2B979EF7008800A4 /* NewBookView.swift */ = {isa = PBXFileReference; lastKnownFileType = sourcecode.swift; path = NewBookView.swift; sourceTree = "<group>"; };
		9FAC19A12B9A5AB8008800A4 /* EditBookView.swift */ = {isa = PBXFileReference; lastKnownFileType = sourcecode.swift; path = EditBookView.swift; sourceTree = "<group>"; };
		9FAC19A62B9A5F9B008800A4 /* RatingsView.swift */ = {isa = PBXFileReference; lastKnownFileType = sourcecode.swift; path = RatingsView.swift; sourceTree = "<group>"; };
/* End PBXFileReference section */

/* Begin PBXFrameworksBuildPhase section */
		9FAC19852B979A07008800A4 /* Frameworks */ = {
			isa = PBXFrameworksBuildPhase;
			buildActionMask = 2147483647;
			files = (
			);
			runOnlyForDeploymentPostprocessing = 0;
		};
/* End PBXFrameworksBuildPhase section */

/* Begin PBXGroup section */
		9FAC197F2B979A07008800A4 = {
			isa = PBXGroup;
			children = (
				9FAC198A2B979A07008800A4 /* BookQuotes */,
				9FAC19892B979A07008800A4 /* Products */,
			);
			sourceTree = "<group>";
		};
		9FAC19892B979A07008800A4 /* Products */ = {
			isa = PBXGroup;
			children = (
				9FAC19882B979A07008800A4 /* BookQuotes.app */,
			);
			name = Products;
			sourceTree = "<group>";
		};
		9FAC198A2B979A07008800A4 /* BookQuotes */ = {
			isa = PBXGroup;
			children = (
				9FAC19A52B9A5F8E008800A4 /* HelperViews */,
				9FAC198B2B979A07008800A4 /* BookQuotesApp.swift */,
				9FAC19A42B9A5AC5008800A4 /* BookView */,
				9FAC19A32B9A5ABE008800A4 /* Model */,
				9FAC198F2B979A09008800A4 /* Assets.xcassets */,
				9FAC19912B979A09008800A4 /* Preview Content */,
			);
			path = BookQuotes;
			sourceTree = "<group>";
		};
		9FAC19912B979A09008800A4 /* Preview Content */ = {
			isa = PBXGroup;
			children = (
				9FAC19922B979A09008800A4 /* Preview Assets.xcassets */,
			);
			path = "Preview Content";
			sourceTree = "<group>";
		};
		9FAC19A32B9A5ABE008800A4 /* Model */ = {
			isa = PBXGroup;
			children = (
				9FAC199B2B979A24008800A4 /* Book.swift */,
			);
			path = Model;
			sourceTree = "<group>";
		};
		9FAC19A42B9A5AC5008800A4 /* BookView */ = {
			isa = PBXGroup;
			children = (
				9FAC198D2B979A07008800A4 /* BookListView.swift */,
				9FAC199D2B979EF7008800A4 /* NewBookView.swift */,
				9FAC19A12B9A5AB8008800A4 /* EditBookView.swift */,
			);
			path = BookView;
			sourceTree = "<group>";
		};
		9FAC19A52B9A5F8E008800A4 /* HelperViews */ = {
			isa = PBXGroup;
			children = (
				9FAC19A62B9A5F9B008800A4 /* RatingsView.swift */,
			);
			path = HelperViews;
			sourceTree = "<group>";
		};
/* End PBXGroup section */

/* Begin PBXNativeTarget section */
		9FAC19872B979A07008800A4 /* BookQuotes */ = {
			isa = PBXNativeTarget;
			buildConfigurationList = 9FAC19962B979A09008800A4 /* Build configuration list for PBXNativeTarget "BookQuotes" */;
			buildPhases = (
				9FAC19842B979A07008800A4 /* Sources */,
				9FAC19852B979A07008800A4 /* Frameworks */,
				9FAC19862B979A07008800A4 /* Resources */,
			);
			buildRules = (
			);
			dependencies = (
			);
			name = BookQuotes;
			productName = BookQuotes;
			productReference = 9FAC19882B979A07008800A4 /* BookQuotes.app */;
			productType = "com.apple.product-type.application";
		};
/* End PBXNativeTarget section */

/* Begin PBXProject section */
		9FAC19802B979A07008800A4 /* Project object */ = {
			isa = PBXProject;
			attributes = {
				BuildIndependentTargetsInParallel = 1;
				LastSwiftUpdateCheck = 1520;
				LastUpgradeCheck = 1520;
				TargetAttributes = {
					9FAC19872B979A07008800A4 = {
						CreatedOnToolsVersion = 15.2;
					};
				};
			};
			buildConfigurationList = 9FAC19832B979A07008800A4 /* Build configuration list for PBXProject "BookQuotes" */;
			compatibilityVersion = "Xcode 14.0";
			developmentRegion = en;
			hasScannedForEncodings = 0;
			knownRegions = (
				en,
				Base,
			);
			mainGroup = 9FAC197F2B979A07008800A4;
			productRefGroup = 9FAC19892B979A07008800A4 /* Products */;
			projectDirPath = "";
			projectRoot = "";
			targets = (
				9FAC19872B979A07008800A4 /* BookQuotes */,
			);
		};
/* End PBXProject section */

/* Begin PBXResourcesBuildPhase section */
		9FAC19862B979A07008800A4 /* Resources */ = {
			isa = PBXResourcesBuildPhase;
			buildActionMask = 2147483647;
			files = (
				9FAC19932B979A09008800A4 /* Preview Assets.xcassets in Resources */,
				9FAC19902B979A09008800A4 /* Assets.xcassets in Resources */,
			);
			runOnlyForDeploymentPostprocessing = 0;
		};
/* End PBXResourcesBuildPhase section */

/* Begin PBXSourcesBuildPhase section */
		9FAC19842B979A07008800A4 /* Sources */ = {
			isa = PBXSourcesBuildPhase;
			buildActionMask = 2147483647;
			files = (
				9FAC199E2B979EF7008800A4 /* NewBookView.swift in Sources */,
				9FAC19A72B9A5F9B008800A4 /* RatingsView.swift in Sources */,
				9FAC19A22B9A5AB8008800A4 /* EditBookView.swift in Sources */,
				9FAC198E2B979A07008800A4 /* BookListView.swift in Sources */,
				9FAC198C2B979A07008800A4 /* BookQuotesApp.swift in Sources */,
				9FAC199C2B979A24008800A4 /* Book.swift in Sources */,
			);
			runOnlyForDeploymentPostprocessing = 0;
		};
/* End PBXSourcesBuildPhase section */

/* Begin XCBuildConfiguration section */
		9FAC19942B979A09008800A4 /* Debug */ = {
			isa = XCBuildConfiguration;
			buildSettings = {
				ALWAYS_SEARCH_USER_PATHS = NO;
				ASSETCATALOG_COMPILER_GENERATE_SWIFT_ASSET_SYMBOL_EXTENSIONS = YES;
				CLANG_ANALYZER_NONNULL = YES;
				CLANG_ANALYZER_NUMBER_OBJECT_CONVERSION = YES_AGGRESSIVE;
				CLANG_CXX_LANGUAGE_STANDARD = "gnu++20";
				CLANG_ENABLE_MODULES = YES;
				CLANG_ENABLE_OBJC_ARC = YES;
				CLANG_ENABLE_OBJC_WEAK = YES;
				CLANG_WARN_BLOCK_CAPTURE_AUTORELEASING = YES;
				CLANG_WARN_BOOL_CONVERSION = YES;
				CLANG_WARN_COMMA = YES;
				CLANG_WARN_CONSTANT_CONVERSION = YES;
				CLANG_WARN_DEPRECATED_OBJC_IMPLEMENTATIONS = YES;
				CLANG_WARN_DIRECT_OBJC_ISA_USAGE = YES_ERROR;
				CLANG_WARN_DOCUMENTATION_COMMENTS = YES;
				CLANG_WARN_EMPTY_BODY = YES;
				CLANG_WARN_ENUM_CONVERSION = YES;
				CLANG_WARN_INFINITE_RECURSION = YES;
				CLANG_WARN_INT_CONVERSION = YES;
				CLANG_WARN_NON_LITERAL_NULL_CONVERSION = YES;
				CLANG_WARN_OBJC_IMPLICIT_RETAIN_SELF = YES;
				CLANG_WARN_OBJC_LITERAL_CONVERSION = YES;
				CLANG_WARN_OBJC_ROOT_CLASS = YES_ERROR;
				CLANG_WARN_QUOTED_INCLUDE_IN_FRAMEWORK_HEADER = YES;
				CLANG_WARN_RANGE_LOOP_ANALYSIS = YES;
				CLANG_WARN_STRICT_PROTOTYPES = YES;
				CLANG_WARN_SUSPICIOUS_MOVE = YES;
				CLANG_WARN_UNGUARDED_AVAILABILITY = YES_AGGRESSIVE;
				CLANG_WARN_UNREACHABLE_CODE = YES;
				CLANG_WARN__DUPLICATE_METHOD_MATCH = YES;
				COPY_PHASE_STRIP = NO;
				DEBUG_INFORMATION_FORMAT = dwarf;
				ENABLE_STRICT_OBJC_MSGSEND = YES;
				ENABLE_TESTABILITY = YES;
				ENABLE_USER_SCRIPT_SANDBOXING = YES;
				GCC_C_LANGUAGE_STANDARD = gnu17;
				GCC_DYNAMIC_NO_PIC = NO;
				GCC_NO_COMMON_BLOCKS = YES;
				GCC_OPTIMIZATION_LEVEL = 0;
				GCC_PREPROCESSOR_DEFINITIONS = (
					"DEBUG=1",
					"$(inherited)",
				);
				GCC_WARN_64_TO_32_BIT_CONVERSION = YES;
				GCC_WARN_ABOUT_RETURN_TYPE = YES_ERROR;
				GCC_WARN_UNDECLARED_SELECTOR = YES;
				GCC_WARN_UNINITIALIZED_AUTOS = YES_AGGRESSIVE;
				GCC_WARN_UNUSED_FUNCTION = YES;
				GCC_WARN_UNUSED_VARIABLE = YES;
				IPHONEOS_DEPLOYMENT_TARGET = 17.2;
				LOCALIZATION_PREFERS_STRING_CATALOGS = YES;
				MTL_ENABLE_DEBUG_INFO = INCLUDE_SOURCE;
				MTL_FAST_MATH = YES;
				ONLY_ACTIVE_ARCH = YES;
				SDKROOT = iphoneos;
				SWIFT_ACTIVE_COMPILATION_CONDITIONS = "DEBUG $(inherited)";
				SWIFT_OPTIMIZATION_LEVEL = "-Onone";
			};
			name = Debug;
		};
		9FAC19952B979A09008800A4 /* Release */ = {
			isa = XCBuildConfiguration;
			buildSettings = {
				ALWAYS_SEARCH_USER_PATHS = NO;
				ASSETCATALOG_COMPILER_GENERATE_SWIFT_ASSET_SYMBOL_EXTENSIONS = YES;
				CLANG_ANALYZER_NONNULL = YES;
				CLANG_ANALYZER_NUMBER_OBJECT_CONVERSION = YES_AGGRESSIVE;
				CLANG_CXX_LANGUAGE_STANDARD = "gnu++20";
				CLANG_ENABLE_MODULES = YES;
				CLANG_ENABLE_OBJC_ARC = YES;
				CLANG_ENABLE_OBJC_WEAK = YES;
				CLANG_WARN_BLOCK_CAPTURE_AUTORELEASING = YES;
				CLANG_WARN_BOOL_CONVERSION = YES;
				CLANG_WARN_COMMA = YES;
				CLANG_WARN_CONSTANT_CONVERSION = YES;
				CLANG_WARN_DEPRECATED_OBJC_IMPLEMENTATIONS = YES;
				CLANG_WARN_DIRECT_OBJC_ISA_USAGE = YES_ERROR;
				CLANG_WARN_DOCUMENTATION_COMMENTS = YES;
				CLANG_WARN_EMPTY_BODY = YES;
				CLANG_WARN_ENUM_CONVERSION = YES;
				CLANG_WARN_INFINITE_RECURSION = YES;
				CLANG_WARN_INT_CONVERSION = YES;
				CLANG_WARN_NON_LITERAL_NULL_CONVERSION = YES;
				CLANG_WARN_OBJC_IMPLICIT_RETAIN_SELF = YES;
				CLANG_WARN_OBJC_LITERAL_CONVERSION = YES;
				CLANG_WARN_OBJC_ROOT_CLASS = YES_ERROR;
				CLANG_WARN_QUOTED_INCLUDE_IN_FRAMEWORK_HEADER = YES;
				CLANG_WARN_RANGE_LOOP_ANALYSIS = YES;
				CLANG_WARN_STRICT_PROTOTYPES = YES;
				CLANG_WARN_SUSPICIOUS_MOVE = YES;
				CLANG_WARN_UNGUARDED_AVAILABILITY = YES_AGGRESSIVE;
				CLANG_WARN_UNREACHABLE_CODE = YES;
				CLANG_WARN__DUPLICATE_METHOD_MATCH = YES;
				COPY_PHASE_STRIP = NO;
				DEBUG_INFORMATION_FORMAT = "dwarf-with-dsym";
				ENABLE_NS_ASSERTIONS = NO;
				ENABLE_STRICT_OBJC_MSGSEND = YES;
				ENABLE_USER_SCRIPT_SANDBOXING = YES;
				GCC_C_LANGUAGE_STANDARD = gnu17;
				GCC_NO_COMMON_BLOCKS = YES;
				GCC_WARN_64_TO_32_BIT_CONVERSION = YES;
				GCC_WARN_ABOUT_RETURN_TYPE = YES_ERROR;
				GCC_WARN_UNDECLARED_SELECTOR = YES;
				GCC_WARN_UNINITIALIZED_AUTOS = YES_AGGRESSIVE;
				GCC_WARN_UNUSED_FUNCTION = YES;
				GCC_WARN_UNUSED_VARIABLE = YES;
				IPHONEOS_DEPLOYMENT_TARGET = 17.2;
				LOCALIZATION_PREFERS_STRING_CATALOGS = YES;
				MTL_ENABLE_DEBUG_INFO = NO;
				MTL_FAST_MATH = YES;
				SDKROOT = iphoneos;
				SWIFT_COMPILATION_MODE = wholemodule;
				VALIDATE_PRODUCT = YES;
			};
			name = Release;
		};
		9FAC19972B979A09008800A4 /* Debug */ = {
			isa = XCBuildConfiguration;
			buildSettings = {
				ASSETCATALOG_COMPILER_APPICON_NAME = AppIcon;
				ASSETCATALOG_COMPILER_GLOBAL_ACCENT_COLOR_NAME = AccentColor;
				CODE_SIGN_STYLE = Automatic;
				CURRENT_PROJECT_VERSION = 1;
				DEVELOPMENT_ASSET_PATHS = "\"BookQuotes/Preview Content\"";
				DEVELOPMENT_TEAM = Q92AMKXM73;
				ENABLE_PREVIEWS = YES;
				GENERATE_INFOPLIST_FILE = YES;
				INFOPLIST_KEY_UIApplicationSceneManifest_Generation = YES;
				INFOPLIST_KEY_UIApplicationSupportsIndirectInputEvents = YES;
				INFOPLIST_KEY_UILaunchScreen_Generation = YES;
				INFOPLIST_KEY_UISupportedInterfaceOrientations_iPad = "UIInterfaceOrientationPortrait UIInterfaceOrientationPortraitUpsideDown UIInterfaceOrientationLandscapeLeft UIInterfaceOrientationLandscapeRight";
				INFOPLIST_KEY_UISupportedInterfaceOrientations_iPhone = "UIInterfaceOrientationPortrait UIInterfaceOrientationLandscapeLeft UIInterfaceOrientationLandscapeRight";
				LD_RUNPATH_SEARCH_PATHS = (
					"$(inherited)",
					"@executable_path/Frameworks",
				);
				MARKETING_VERSION = 1.0;
				PRODUCT_BUNDLE_IDENTIFIER = beardmen4life.BookQuotes;
				PRODUCT_NAME = "$(TARGET_NAME)";
				SWIFT_EMIT_LOC_STRINGS = YES;
				SWIFT_VERSION = 5.0;
				TARGETED_DEVICE_FAMILY = "1,2";
			};
			name = Debug;
		};
		9FAC19982B979A09008800A4 /* Release */ = {
			isa = XCBuildConfiguration;
			buildSettings = {
				ASSETCATALOG_COMPILER_APPICON_NAME = AppIcon;
				ASSETCATALOG_COMPILER_GLOBAL_ACCENT_COLOR_NAME = AccentColor;
				CODE_SIGN_STYLE = Automatic;
				CURRENT_PROJECT_VERSION = 1;
				DEVELOPMENT_ASSET_PATHS = "\"BookQuotes/Preview Content\"";
				DEVELOPMENT_TEAM = Q92AMKXM73;
				ENABLE_PREVIEWS = YES;
				GENERATE_INFOPLIST_FILE = YES;
				INFOPLIST_KEY_UIApplicationSceneManifest_Generation = YES;
				INFOPLIST_KEY_UIApplicationSupportsIndirectInputEvents = YES;
				INFOPLIST_KEY_UILaunchScreen_Generation = YES;
				INFOPLIST_KEY_UISupportedInterfaceOrientations_iPad = "UIInterfaceOrientationPortrait UIInterfaceOrientationPortraitUpsideDown UIInterfaceOrientationLandscapeLeft UIInterfaceOrientationLandscapeRight";
				INFOPLIST_KEY_UISupportedInterfaceOrientations_iPhone = "UIInterfaceOrientationPortrait UIInterfaceOrientationLandscapeLeft UIInterfaceOrientationLandscapeRight";
				LD_RUNPATH_SEARCH_PATHS = (
					"$(inherited)",
					"@executable_path/Frameworks",
				);
				MARKETING_VERSION = 1.0;
				PRODUCT_BUNDLE_IDENTIFIER = beardmen4life.BookQuotes;
				PRODUCT_NAME = "$(TARGET_NAME)";
				SWIFT_EMIT_LOC_STRINGS = YES;
				SWIFT_VERSION = 5.0;
				TARGETED_DEVICE_FAMILY = "1,2";
			};
			name = Release;
		};
/* End XCBuildConfiguration section */

/* Begin XCConfigurationList section */
		9FAC19832B979A07008800A4 /* Build configuration list for PBXProject "BookQuotes" */ = {
			isa = XCConfigurationList;
			buildConfigurations = (
				9FAC19942B979A09008800A4 /* Debug */,
				9FAC19952B979A09008800A4 /* Release */,
			);
			defaultConfigurationIsVisible = 0;
			defaultConfigurationName = Release;
		};
		9FAC19962B979A09008800A4 /* Build configuration list for PBXNativeTarget "BookQuotes" */ = {
			isa = XCConfigurationList;
			buildConfigurations = (
				9FAC19972B979A09008800A4 /* Debug */,
				9FAC19982B979A09008800A4 /* Release */,
			);
			defaultConfigurationIsVisible = 0;
			defaultConfigurationName = Release;
		};
/* End XCConfigurationList section */
	};
	rootObject = 9FAC19802B979A07008800A4 /* Project object */;
}
